{
	"name": "@redesign-steam/typescript-config",
	"version": "0.0.0",
	"lockfileVersion": 3,
	"requires": true,
	"packages": {
		"": {
			"name": "@redesign-steam/typescript-config",
			"version": "0.0.0",
			"license": "MIT",
			"dependencies": {
				"@redesign-steam/typescript-config": "file:"
			}
		},
		"node_modules/@redesign-steam/typescript-config": {
			"resolved": "",
			"link": true
		}
	}
}
